
Microsoft Visual Studio Solution File, Format Version 12.00
# Visual Studio 15
VisualStudioVersion = 15.0.27130.2027
MinimumVisualStudioVersion = 10.0.40219.1
Project("{2150E333-8FDC-42A3-9474-1A3956D46DE8}") = "src", "src", "{7C5F813E-9F71-45B2-99D1-9FE775073836}"
EndProject
Project("{2150E333-8FDC-42A3-9474-1A3956D46DE8}") = "Solution Items", "Solution Items", "{540A0C1A-581D-4351-8092-45B7D2524397}"
EndProject
Project("{9A19103F-16F7-4668-BE54-9A1E7A4F7556}") = "VBSAdmin", "src\VBSAdmin\VBSAdmin.csproj", "{F29F836C-EC1B-43C9-904A-D43E96A5F657}"
EndProject
Global
	GlobalSection(SolutionConfigurationPlatforms) = preSolution
		Debug|Any CPU = Debug|Any CPU
		Release|Any CPU = Release|Any CPU
	EndGlobalSection
	GlobalSection(ProjectConfigurationPlatforms) = postSolution
		{F29F836C-EC1B-43C9-904A-D43E96A5F657}.Debug|Any CPU.ActiveCfg = Debug|Any CPU
		{F29F836C-EC1B-43C9-904A-D43E96A5F657}.Debug|Any CPU.Build.0 = Debug|Any CPU
		{F29F836C-EC1B-43C9-904A-D43E96A5F657}.Release|Any CPU.ActiveCfg = Release|Any CPU
		{F29F836C-EC1B-43C9-904A-D43E96A5F657}.Release|Any CPU.Build.0 = Release|Any CPU
	EndGlobalSection
	GlobalSection(SolutionProperties) = preSolution
		HideSolutionNode = FALSE
	EndGlobalSection
	GlobalSection(NestedProjects) = preSolution
		{F29F836C-EC1B-43C9-904A-D43E96A5F657} = {7C5F813E-9F71-45B2-99D1-9FE775073836}
	EndGlobalSection
	GlobalSection(ExtensibilityGlobals) = postSolution
		SolutionGuid = {3B292E8E-5945-47EE-9F6A-BA64515C9604}
	EndGlobalSection
EndGlobal
